// !$*UTF8*$!
{
	archiveVersion = 1;
	classes = {
	};
	objectVersion = 50;
	objects = {

/* Begin PBXBuildFile section */
		447124432595C44500D736C5 /* HogeViewController.swift in Sources */ = {isa = PBXBuildFile; fileRef = 447124422595C44500D736C5 /* HogeViewController.swift */; };
		4490B01F2594761700DA3A1A /* AppDelegate.swift in Sources */ = {isa = PBXBuildFile; fileRef = 4490B01E2594761700DA3A1A /* AppDelegate.swift */; };
		4490B0212594761700DA3A1A /* SceneDelegate.swift in Sources */ = {isa = PBXBuildFile; fileRef = 4490B0202594761700DA3A1A /* SceneDelegate.swift */; };
		4490B0232594761700DA3A1A /* ViewController.swift in Sources */ = {isa = PBXBuildFile; fileRef = 4490B0222594761700DA3A1A /* ViewController.swift */; };
		4490B0262594761700DA3A1A /* Main.storyboard in Resources */ = {isa = PBXBuildFile; fileRef = 4490B0242594761700DA3A1A /* Main.storyboard */; };
		4490B0282594761A00DA3A1A /* Assets.xcassets in Resources */ = {isa = PBXBuildFile; fileRef = 4490B0272594761A00DA3A1A /* Assets.xcassets */; };
		4490B02B2594761A00DA3A1A /* LaunchScreen.storyboard in Resources */ = {isa = PBXBuildFile; fileRef = 4490B0292594761A00DA3A1A /* LaunchScreen.storyboard */; };
		4490B0362594761A00DA3A1A /* MVVM_SwiftTests.swift in Sources */ = {isa = PBXBuildFile; fileRef = 4490B0352594761A00DA3A1A /* MVVM_SwiftTests.swift */; };
		4490B0412594761A00DA3A1A /* MVVM_SwiftUITests.swift in Sources */ = {isa = PBXBuildFile; fileRef = 4490B0402594761A00DA3A1A /* MVVM_SwiftUITests.swift */; };
		4490B052259478D300DA3A1A /* HogeModel.swift in Sources */ = {isa = PBXBuildFile; fileRef = 4490B051259478D300DA3A1A /* HogeModel.swift */; };
		4490B057259478E600DA3A1A /* HogeViewModel.swift in Sources */ = {isa = PBXBuildFile; fileRef = 4490B056259478E600DA3A1A /* HogeViewModel.swift */; };
/* End PBXBuildFile section */

/* Begin PBXContainerItemProxy section */
		4490B0322594761A00DA3A1A /* PBXContainerItemProxy */ = {
			isa = PBXContainerItemProxy;
			containerPortal = 4490B0132594761700DA3A1A /* Project object */;
			proxyType = 1;
			remoteGlobalIDString = 4490B01A2594761700DA3A1A;
			remoteInfo = "MVVM-Swift";
		};
		4490B03D2594761A00DA3A1A /* PBXContainerItemProxy */ = {
			isa = PBXContainerItemProxy;
			containerPortal = 4490B0132594761700DA3A1A /* Project object */;
			proxyType = 1;
			remoteGlobalIDString = 4490B01A2594761700DA3A1A;
			remoteInfo = "MVVM-Swift";
		};
/* End PBXContainerItemProxy section */

/* Begin PBXFileReference section */
		447124422595C44500D736C5 /* HogeViewController.swift */ = {isa = PBXFileReference; lastKnownFileType = sourcecode.swift; path = HogeViewController.swift; sourceTree = "<group>"; };
		4490B01B2594761700DA3A1A /* MVVM-Swift.app */ = {isa = PBXFileReference; explicitFileType = wrapper.application; includeInIndex = 0; path = "MVVM-Swift.app"; sourceTree = BUILT_PRODUCTS_DIR; };
		4490B01E2594761700DA3A1A /* AppDelegate.swift */ = {isa = PBXFileReference; lastKnownFileType = sourcecode.swift; path = AppDelegate.swift; sourceTree = "<group>"; };
		4490B0202594761700DA3A1A /* SceneDelegate.swift */ = {isa = PBXFileReference; lastKnownFileType = sourcecode.swift; path = SceneDelegate.swift; sourceTree = "<group>"; };
		4490B0222594761700DA3A1A /* ViewController.swift */ = {isa = PBXFileReference; lastKnownFileType = sourcecode.swift; path = ViewController.swift; sourceTree = "<group>"; };
		4490B0252594761700DA3A1A /* Base */ = {isa = PBXFileReference; lastKnownFileType = file.storyboard; name = Base; path = Base.lproj/Main.storyboard; sourceTree = "<group>"; };
		4490B0272594761A00DA3A1A /* Assets.xcassets */ = {isa = PBXFileReference; lastKnownFileType = folder.assetcatalog; path = Assets.xcassets; sourceTree = "<group>"; };
		4490B02A2594761A00DA3A1A /* Base */ = {isa = PBXFileReference; lastKnownFileType = file.storyboard; name = Base; path = Base.lproj/LaunchScreen.storyboard; sourceTree = "<group>"; };
		4490B02C2594761A00DA3A1A /* Info.plist */ = {isa = PBXFileReference; lastKnownFileType = text.plist.xml; path = Info.plist; sourceTree = "<group>"; };
		4490B0312594761A00DA3A1A /* MVVM-SwiftTests.xctest */ = {isa = PBXFileReference; explicitFileType = wrapper.cfbundle; includeInIndex = 0; path = "MVVM-SwiftTests.xctest"; sourceTree = BUILT_PRODUCTS_DIR; };
		4490B0352594761A00DA3A1A /* MVVM_SwiftTests.swift */ = {isa = PBXFileReference; lastKnownFileType = sourcecode.swift; path = MVVM_SwiftTests.swift; sourceTree = "<group>"; };
		4490B0372594761A00DA3A1A /* Info.plist */ = {isa = PBXFileReference; lastKnownFileType = text.plist.xml; path = Info.plist; sourceTree = "<group>"; };
		4490B03C2594761A00DA3A1A /* MVVM-SwiftUITests.xctest */ = {isa = PBXFileReference; explicitFileType = wrapper.cfbundle; includeInIndex = 0; path = "MVVM-SwiftUITests.xctest"; sourceTree = BUILT_PRODUCTS_DIR; };
		4490B0402594761A00DA3A1A /* MVVM_SwiftUITests.swift */ = {isa = PBXFileReference; lastKnownFileType = sourcecode.swift; path = MVVM_SwiftUITests.swift; sourceTree = "<group>"; };
		4490B0422594761A00DA3A1A /* Info.plist */ = {isa = PBXFileReference; lastKnownFileType = text.plist.xml; path = Info.plist; sourceTree = "<group>"; };
		4490B051259478D300DA3A1A /* HogeModel.swift */ = {isa = PBXFileReference; lastKnownFileType = sourcecode.swift; path = HogeModel.swift; sourceTree = "<group>"; };
		4490B056259478E600DA3A1A /* HogeViewModel.swift */ = {isa = PBXFileReference; lastKnownFileType = sourcecode.swift; path = HogeViewModel.swift; sourceTree = "<group>"; };
/* End PBXFileReference section */

/* Begin PBXFrameworksBuildPhase section */
		4490B0182594761700DA3A1A /* Frameworks */ = {
			isa = PBXFrameworksBuildPhase;
			buildActionMask = 2147483647;
			files = (
			);
			runOnlyForDeploymentPostprocessing = 0;
		};
		4490B02E2594761A00DA3A1A /* Frameworks */ = {
			isa = PBXFrameworksBuildPhase;
			buildActionMask = 2147483647;
			files = (
			);
			runOnlyForDeploymentPostprocessing = 0;
		};
		4490B0392594761A00DA3A1A /* Frameworks */ = {
			isa = PBXFrameworksBuildPhase;
			buildActionMask = 2147483647;
			files = (
			);
			runOnlyForDeploymentPostprocessing = 0;
		};
/* End PBXFrameworksBuildPhase section */

/* Begin PBXGroup section */
		4490B0122594761700DA3A1A = {
			isa = PBXGroup;
			children = (
				4490B01D2594761700DA3A1A /* MVVM-Swift */,
				4490B0342594761A00DA3A1A /* MVVM-SwiftTests */,
				4490B03F2594761A00DA3A1A /* MVVM-SwiftUITests */,
				4490B01C2594761700DA3A1A /* Products */,
			);
			sourceTree = "<group>";
		};
		4490B01C2594761700DA3A1A /* Products */ = {
			isa = PBXGroup;
			children = (
				4490B01B2594761700DA3A1A /* MVVM-Swift.app */,
				4490B0312594761A00DA3A1A /* MVVM-SwiftTests.xctest */,
				4490B03C2594761A00DA3A1A /* MVVM-SwiftUITests.xctest */,
			);
			name = Products;
			sourceTree = "<group>";
		};
		4490B01D2594761700DA3A1A /* MVVM-Swift */ = {
			isa = PBXGroup;
			children = (
				4490B01E2594761700DA3A1A /* AppDelegate.swift */,
				4490B051259478D300DA3A1A /* HogeModel.swift */,
				4490B056259478E600DA3A1A /* HogeViewModel.swift */,
				447124422595C44500D736C5 /* HogeViewController.swift */,
				4490B0202594761700DA3A1A /* SceneDelegate.swift */,
				4490B0222594761700DA3A1A /* ViewController.swift */,
				4490B0242594761700DA3A1A /* Main.storyboard */,
				4490B0272594761A00DA3A1A /* Assets.xcassets */,
				4490B0292594761A00DA3A1A /* LaunchScreen.storyboard */,
				4490B02C2594761A00DA3A1A /* Info.plist */,
			);
			path = "MVVM-Swift";
			sourceTree = "<group>";
		};
		4490B0342594761A00DA3A1A /* MVVM-SwiftTests */ = {
			isa = PBXGroup;
			children = (
				4490B0352594761A00DA3A1A /* MVVM_SwiftTests.swift */,
				4490B0372594761A00DA3A1A /* Info.plist */,
			);
			path = "MVVM-SwiftTests";
			sourceTree = "<group>";
		};
		4490B03F2594761A00DA3A1A /* MVVM-SwiftUITests */ = {
			isa = PBXGroup;
			children = (
				4490B0402594761A00DA3A1A /* MVVM_SwiftUITests.swift */,
				4490B0422594761A00DA3A1A /* Info.plist */,
			);
			path = "MVVM-SwiftUITests";
			sourceTree = "<group>";
		};
/* End PBXGroup section */

/* Begin PBXNativeTarget section */
		4490B01A2594761700DA3A1A /* MVVM-Swift */ = {
			isa = PBXNativeTarget;
			buildConfigurationList = 4490B0452594761A00DA3A1A /* Build configuration list for PBXNativeTarget "MVVM-Swift" */;
			buildPhases = (
				4490B0172594761700DA3A1A /* Sources */,
				4490B0182594761700DA3A1A /* Frameworks */,
				4490B0192594761700DA3A1A /* Resources */,
			);
			buildRules = (
			);
			dependencies = (
			);
			name = "MVVM-Swift";
			productName = "MVVM-Swift";
			productReference = 4490B01B2594761700DA3A1A /* MVVM-Swift.app */;
			productType = "com.apple.product-type.application";
		};
		4490B0302594761A00DA3A1A /* MVVM-SwiftTests */ = {
			isa = PBXNativeTarget;
			buildConfigurationList = 4490B0482594761A00DA3A1A /* Build configuration list for PBXNativeTarget "MVVM-SwiftTests" */;
			buildPhases = (
				4490B02D2594761A00DA3A1A /* Sources */,
				4490B02E2594761A00DA3A1A /* Frameworks */,
				4490B02F2594761A00DA3A1A /* Resources */,
			);
			buildRules = (
			);
			dependencies = (
				4490B0332594761A00DA3A1A /* PBXTargetDependency */,
			);
			name = "MVVM-SwiftTests";
			productName = "MVVM-SwiftTests";
			productReference = 4490B0312594761A00DA3A1A /* MVVM-SwiftTests.xctest */;
			productType = "com.apple.product-type.bundle.unit-test";
		};
		4490B03B2594761A00DA3A1A /* MVVM-SwiftUITests */ = {
			isa = PBXNativeTarget;
			buildConfigurationList = 4490B04B2594761A00DA3A1A /* Build configuration list for PBXNativeTarget "MVVM-SwiftUITests" */;
			buildPhases = (
				4490B0382594761A00DA3A1A /* Sources */,
				4490B0392594761A00DA3A1A /* Frameworks */,
				4490B03A2594761A00DA3A1A /* Resources */,
			);
			buildRules = (
			);
			dependencies = (
				4490B03E2594761A00DA3A1A /* PBXTargetDependency */,
			);
			name = "MVVM-SwiftUITests";
			productName = "MVVM-SwiftUITests";
			productReference = 4490B03C2594761A00DA3A1A /* MVVM-SwiftUITests.xctest */;
			productType = "com.apple.product-type.bundle.ui-testing";
		};
/* End PBXNativeTarget section */

/* Begin PBXProject section */
		4490B0132594761700DA3A1A /* Project object */ = {
			isa = PBXProject;
			attributes = {
				LastSwiftUpdateCheck = 1230;
				LastUpgradeCheck = 1230;
				TargetAttributes = {
					4490B01A2594761700DA3A1A = {
						CreatedOnToolsVersion = 12.3;
					};
					4490B0302594761A00DA3A1A = {
						CreatedOnToolsVersion = 12.3;
						TestTargetID = 4490B01A2594761700DA3A1A;
					};
					4490B03B2594761A00DA3A1A = {
						CreatedOnToolsVersion = 12.3;
						TestTargetID = 4490B01A2594761700DA3A1A;
					};
				};
			};
			buildConfigurationList = 4490B0162594761700DA3A1A /* Build configuration list for PBXProject "MVVM-Swift" */;
			compatibilityVersion = "Xcode 9.3";
			developmentRegion = en;
			hasScannedForEncodings = 0;
			knownRegions = (
				en,
				Base,
			);
			mainGroup = 4490B0122594761700DA3A1A;
			productRefGroup = 4490B01C2594761700DA3A1A /* Products */;
			projectDirPath = "";
			projectRoot = "";
			targets = (
				4490B01A2594761700DA3A1A /* MVVM-Swift */,
				4490B0302594761A00DA3A1A /* MVVM-SwiftTests */,
				4490B03B2594761A00DA3A1A /* MVVM-SwiftUITests */,
			);
		};
/* End PBXProject section */

/* Begin PBXResourcesBuildPhase section */
		4490B0192594761700DA3A1A /* Resources */ = {
			isa = PBXResourcesBuildPhase;
			buildActionMask = 2147483647;
			files = (
				4490B02B2594761A00DA3A1A /* LaunchScreen.storyboard in Resources */,
				4490B0282594761A00DA3A1A /* Assets.xcassets in Resources */,
				4490B0262594761700DA3A1A /* Main.storyboard in Resources */,
			);
			runOnlyForDeploymentPostprocessing = 0;
		};
		4490B02F2594761A00DA3A1A /* Resources */ = {
			isa = PBXResourcesBuildPhase;
			buildActionMask = 2147483647;
			files = (
			);
			runOnlyForDeploymentPostprocessing = 0;
		};
		4490B03A2594761A00DA3A1A /* Resources */ = {
			isa = PBXResourcesBuildPhase;
			buildActionMask = 2147483647;
			files = (
			);
			runOnlyForDeploymentPostprocessing = 0;
		};
/* End PBXResourcesBuildPhase section */

/* Begin PBXSourcesBuildPhase section */
		4490B0172594761700DA3A1A /* Sources */ = {
			isa = PBXSourcesBuildPhase;
			buildActionMask = 2147483647;
			files = (
				4490B0232594761700DA3A1A /* ViewController.swift in Sources */,
				4490B057259478E600DA3A1A /* HogeViewModel.swift in Sources */,
				4490B01F2594761700DA3A1A /* AppDelegate.swift in Sources */,
				447124432595C44500D736C5 /* HogeViewController.swift in Sources */,
				4490B052259478D300DA3A1A /* HogeModel.swift in Sources */,
				4490B0212594761700DA3A1A /* SceneDelegate.swift in Sources */,
			);
			runOnlyForDeploymentPostprocessing = 0;
		};
		4490B02D2594761A00DA3A1A /* Sources */ = {
			isa = PBXSourcesBuildPhase;
			buildActionMask = 2147483647;
			files = (
				4490B0362594761A00DA3A1A /* MVVM_SwiftTests.swift in Sources */,
			);
			runOnlyForDeploymentPostprocessing = 0;
		};
		4490B0382594761A00DA3A1A /* Sources */ = {
			isa = PBXSourcesBuildPhase;
			buildActionMask = 2147483647;
			files = (
				4490B0412594761A00DA3A1A /* MVVM_SwiftUITests.swift in Sources */,
			);
			runOnlyForDeploymentPostprocessing = 0;
		};
/* End PBXSourcesBuildPhase section */

/* Begin PBXTargetDependency section */
		4490B0332594761A00DA3A1A /* PBXTargetDependency */ = {
			isa = PBXTargetDependency;
			target = 4490B01A2594761700DA3A1A /* MVVM-Swift */;
			targetProxy = 4490B0322594761A00DA3A1A /* PBXContainerItemProxy */;
		};
		4490B03E2594761A00DA3A1A /* PBXTargetDependency */ = {
			isa = PBXTargetDependency;
			target = 4490B01A2594761700DA3A1A /* MVVM-Swift */;
			targetProxy = 4490B03D2594761A00DA3A1A /* PBXContainerItemProxy */;
		};
/* End PBXTargetDependency section */

/* Begin PBXVariantGroup section */
		4490B0242594761700DA3A1A /* Main.storyboard */ = {
			isa = PBXVariantGroup;
			children = (
				4490B0252594761700DA3A1A /* Base */,
			);
			name = Main.storyboard;
			sourceTree = "<group>";
		};
		4490B0292594761A00DA3A1A /* LaunchScreen.storyboard */ = {
			isa = PBXVariantGroup;
			children = (
				4490B02A2594761A00DA3A1A /* Base */,
			);
			name = LaunchScreen.storyboard;
			sourceTree = "<group>";
		};
/* End PBXVariantGroup section */

/* Begin XCBuildConfiguration section */
		4490B0432594761A00DA3A1A /* Debug */ = {
			isa = XCBuildConfiguration;
			buildSettings = {
				ALWAYS_SEARCH_USER_PATHS = NO;
				CLANG_ANALYZER_NONNULL = YES;
				CLANG_ANALYZER_NUMBER_OBJECT_CONVERSION = YES_AGGRESSIVE;
				CLANG_CXX_LANGUAGE_STANDARD = "gnu++14";
				CLANG_CXX_LIBRARY = "libc++";
				CLANG_ENABLE_MODULES = YES;
				CLANG_ENABLE_OBJC_ARC = YES;
				CLANG_ENABLE_OBJC_WEAK = YES;
				CLANG_WARN_BLOCK_CAPTURE_AUTORELEASING = YES;
				CLANG_WARN_BOOL_CONVERSION = YES;
				CLANG_WARN_COMMA = YES;
				CLANG_WARN_CONSTANT_CONVERSION = YES;
				CLANG_WARN_DEPRECATED_OBJC_IMPLEMENTATIONS = YES;
				CLANG_WARN_DIRECT_OBJC_ISA_USAGE = YES_ERROR;
				CLANG_WARN_DOCUMENTATION_COMMENTS = YES;
				CLANG_WARN_EMPTY_BODY = YES;
				CLANG_WARN_ENUM_CONVERSION = YES;
				CLANG_WARN_INFINITE_RECURSION = YES;
				CLANG_WARN_INT_CONVERSION = YES;
				CLANG_WARN_NON_LITERAL_NULL_CONVERSION = YES;
				CLANG_WARN_OBJC_IMPLICIT_RETAIN_SELF = YES;
				CLANG_WARN_OBJC_LITERAL_CONVERSION = YES;
				CLANG_WARN_OBJC_ROOT_CLASS = YES_ERROR;
				CLANG_WARN_QUOTED_INCLUDE_IN_FRAMEWORK_HEADER = YES;
				CLANG_WARN_RANGE_LOOP_ANALYSIS = YES;
				CLANG_WARN_STRICT_PROTOTYPES = YES;
				CLANG_WARN_SUSPICIOUS_MOVE = YES;
				CLANG_WARN_UNGUARDED_AVAILABILITY = YES_AGGRESSIVE;
				CLANG_WARN_UNREACHABLE_CODE = YES;
				CLANG_WARN__DUPLICATE_METHOD_MATCH = YES;
				COPY_PHASE_STRIP = NO;
				DEBUG_INFORMATION_FORMAT = dwarf;
				ENABLE_STRICT_OBJC_MSGSEND = YES;
				ENABLE_TESTABILITY = YES;
				GCC_C_LANGUAGE_STANDARD = gnu11;
				GCC_DYNAMIC_NO_PIC = NO;
				GCC_NO_COMMON_BLOCKS = YES;
				GCC_OPTIMIZATION_LEVEL = 0;
				GCC_PREPROCESSOR_DEFINITIONS = (
					"DEBUG=1",
					"$(inherited)",
				);
				GCC_WARN_64_TO_32_BIT_CONVERSION = YES;
				GCC_WARN_ABOUT_RETURN_TYPE = YES_ERROR;
				GCC_WARN_UNDECLARED_SELECTOR = YES;
				GCC_WARN_UNINITIALIZED_AUTOS = YES_AGGRESSIVE;
				GCC_WARN_UNUSED_FUNCTION = YES;
				GCC_WARN_UNUSED_VARIABLE = YES;
				IPHONEOS_DEPLOYMENT_TARGET = 14.3;
				MTL_ENABLE_DEBUG_INFO = INCLUDE_SOURCE;
				MTL_FAST_MATH = YES;
				ONLY_ACTIVE_ARCH = YES;
				SDKROOT = iphoneos;
				SWIFT_ACTIVE_COMPILATION_CONDITIONS = DEBUG;
				SWIFT_OPTIMIZATION_LEVEL = "-Onone";
			};
			name = Debug;
		};
		4490B0442594761A00DA3A1A /* Release */ = {
			isa = XCBuildConfiguration;
			buildSettings = {
				ALWAYS_SEARCH_USER_PATHS = NO;
				CLANG_ANALYZER_NONNULL = YES;
				CLANG_ANALYZER_NUMBER_OBJECT_CONVERSION = YES_AGGRESSIVE;
				CLANG_CXX_LANGUAGE_STANDARD = "gnu++14";
				CLANG_CXX_LIBRARY = "libc++";
				CLANG_ENABLE_MODULES = YES;
				CLANG_ENABLE_OBJC_ARC = YES;
				CLANG_ENABLE_OBJC_WEAK = YES;
				CLANG_WARN_BLOCK_CAPTURE_AUTORELEASING = YES;
				CLANG_WARN_BOOL_CONVERSION = YES;
				CLANG_WARN_COMMA = YES;
				CLANG_WARN_CONSTANT_CONVERSION = YES;
				CLANG_WARN_DEPRECATED_OBJC_IMPLEMENTATIONS = YES;
				CLANG_WARN_DIRECT_OBJC_ISA_USAGE = YES_ERROR;
				CLANG_WARN_DOCUMENTATION_COMMENTS = YES;
				CLANG_WARN_EMPTY_BODY = YES;
				CLANG_WARN_ENUM_CONVERSION = YES;
				CLANG_WARN_INFINITE_RECURSION = YES;
				CLANG_WARN_INT_CONVERSION = YES;
				CLANG_WARN_NON_LITERAL_NULL_CONVERSION = YES;
				CLANG_WARN_OBJC_IMPLICIT_RETAIN_SELF = YES;
				CLANG_WARN_OBJC_LITERAL_CONVERSION = YES;
				CLANG_WARN_OBJC_ROOT_CLASS = YES_ERROR;
				CLANG_WARN_QUOTED_INCLUDE_IN_FRAMEWORK_HEADER = YES;
				CLANG_WARN_RANGE_LOOP_ANALYSIS = YES;
				CLANG_WARN_STRICT_PROTOTYPES = YES;
				CLANG_WARN_SUSPICIOUS_MOVE = YES;
				CLANG_WARN_UNGUARDED_AVAILABILITY = YES_AGGRESSIVE;
				CLANG_WARN_UNREACHABLE_CODE = YES;
				CLANG_WARN__DUPLICATE_METHOD_MATCH = YES;
				COPY_PHASE_STRIP = NO;
				DEBUG_INFORMATION_FORMAT = "dwarf-with-dsym";
				ENABLE_NS_ASSERTIONS = NO;
				ENABLE_STRICT_OBJC_MSGSEND = YES;
				GCC_C_LANGUAGE_STANDARD = gnu11;
				GCC_NO_COMMON_BLOCKS = YES;
				GCC_WARN_64_TO_32_BIT_CONVERSION = YES;
				GCC_WARN_ABOUT_RETURN_TYPE = YES_ERROR;
				GCC_WARN_UNDECLARED_SELECTOR = YES;
				GCC_WARN_UNINITIALIZED_AUTOS = YES_AGGRESSIVE;
				GCC_WARN_UNUSED_FUNCTION = YES;
				GCC_WARN_UNUSED_VARIABLE = YES;
				IPHONEOS_DEPLOYMENT_TARGET = 14.3;
				MTL_ENABLE_DEBUG_INFO = NO;
				MTL_FAST_MATH = YES;
				SDKROOT = iphoneos;
				SWIFT_COMPILATION_MODE = wholemodule;
				SWIFT_OPTIMIZATION_LEVEL = "-O";
				VALIDATE_PRODUCT = YES;
			};
			name = Release;
		};
		4490B0462594761A00DA3A1A /* Debug */ = {
			isa = XCBuildConfiguration;
			buildSettings = {
				ASSETCATALOG_COMPILER_APPICON_NAME = AppIcon;
				ASSETCATALOG_COMPILER_GLOBAL_ACCENT_COLOR_NAME = AccentColor;
				CODE_SIGN_STYLE = Automatic;
				DEVELOPMENT_TEAM = Z374HA4GH7;
				INFOPLIST_FILE = "MVVM-Swift/Info.plist";
				LD_RUNPATH_SEARCH_PATHS = (
					"$(inherited)",
					"@executable_path/Frameworks",
				);
				PRODUCT_BUNDLE_IDENTIFIER = "com.suguru-takahashi.MVVM-Swift";
				PRODUCT_NAME = "$(TARGET_NAME)";
				SWIFT_VERSION = 5.0;
				TARGETED_DEVICE_FAMILY = "1,2";
			};
			name = Debug;
		};
		4490B0472594761A00DA3A1A /* Release */ = {
			isa = XCBuildConfiguration;
			buildSettings = {
				ASSETCATALOG_COMPILER_APPICON_NAME = AppIcon;
				ASSETCATALOG_COMPILER_GLOBAL_ACCENT_COLOR_NAME = AccentColor;
				CODE_SIGN_STYLE = Automatic;
				DEVELOPMENT_TEAM = Z374HA4GH7;
				INFOPLIST_FILE = "MVVM-Swift/Info.plist";
				LD_RUNPATH_SEARCH_PATHS = (
					"$(inherited)",
					"@executable_path/Frameworks",
				);
				PRODUCT_BUNDLE_IDENTIFIER = "com.suguru-takahashi.MVVM-Swift";
				PRODUCT_NAME = "$(TARGET_NAME)";
				SWIFT_VERSION = 5.0;
				TARGETED_DEVICE_FAMILY = "1,2";
			};
			name = Release;
		};
		4490B0492594761A00DA3A1A /* Debug */ = {
			isa = XCBuildConfiguration;
			buildSettings = {
				ALWAYS_EMBED_SWIFT_STANDARD_LIBRARIES = YES;
				BUNDLE_LOADER = "$(TEST_HOST)";
				CODE_SIGN_STYLE = Automatic;
				DEVELOPMENT_TEAM = Z374HA4GH7;
				INFOPLIST_FILE = "MVVM-SwiftTests/Info.plist";
				IPHONEOS_DEPLOYMENT_TARGET = 14.3;
				LD_RUNPATH_SEARCH_PATHS = (
					"$(inherited)",
					"@executable_path/Frameworks",
					"@loader_path/Frameworks",
				);
				PRODUCT_BUNDLE_IDENTIFIER = "com.suguru-takahashi.MVVM-SwiftTests";
				PRODUCT_NAME = "$(TARGET_NAME)";
				SWIFT_VERSION = 5.0;
				TARGETED_DEVICE_FAMILY = "1,2";
				TEST_HOST = "$(BUILT_PRODUCTS_DIR)/MVVM-Swift.app/MVVM-Swift";
			};
			name = Debug;
		};
		4490B04A2594761A00DA3A1A /* Release */ = {
			isa = XCBuildConfiguration;
			buildSettings = {
				ALWAYS_EMBED_SWIFT_STANDARD_LIBRARIES = YES;
				BUNDLE_LOADER = "$(TEST_HOST)";
				CODE_SIGN_STYLE = Automatic;
				DEVELOPMENT_TEAM = Z374HA4GH7;
				INFOPLIST_FILE = "MVVM-SwiftTests/Info.plist";
				IPHONEOS_DEPLOYMENT_TARGET = 14.3;
				LD_RUNPATH_SEARCH_PATHS = (
					"$(inherited)",
					"@executable_path/Frameworks",
					"@loader_path/Frameworks",
				);
				PRODUCT_BUNDLE_IDENTIFIER = "com.suguru-takahashi.MVVM-SwiftTests";
				PRODUCT_NAME = "$(TARGET_NAME)";
				SWIFT_VERSION = 5.0;
				TARGETED_DEVICE_FAMILY = "1,2";
				TEST_HOST = "$(BUILT_PRODUCTS_DIR)/MVVM-Swift.app/MVVM-Swift";
			};
			name = Release;
		};
		4490B04C2594761A00DA3A1A /* Debug */ = {
			isa = XCBuildConfiguration;
			buildSettings = {
				ALWAYS_EMBED_SWIFT_STANDARD_LIBRARIES = YES;
				CODE_SIGN_STYLE = Automatic;
				DEVELOPMENT_TEAM = Z374HA4GH7;
				INFOPLIST_FILE = "MVVM-SwiftUITests/Info.plist";
				LD_RUNPATH_SEARCH_PATHS = (
					"$(inherited)",
					"@executable_path/Frameworks",
					"@loader_path/Frameworks",
				);
				PRODUCT_BUNDLE_IDENTIFIER = "com.suguru-takahashi.MVVM-SwiftUITests";
				PRODUCT_NAME = "$(TARGET_NAME)";
				SWIFT_VERSION = 5.0;
				TARGETED_DEVICE_FAMILY = "1,2";
				TEST_TARGET_NAME = "MVVM-Swift";
			};
			name = Debug;
		};
		4490B04D2594761A00DA3A1A /* Release */ = {
			isa = XCBuildConfiguration;
			buildSettings = {
				ALWAYS_EMBED_SWIFT_STANDARD_LIBRARIES = YES;
				CODE_SIGN_STYLE = Automatic;
				DEVELOPMENT_TEAM = Z374HA4GH7;
				INFOPLIST_FILE = "MVVM-SwiftUITests/Info.plist";
				LD_RUNPATH_SEARCH_PATHS = (
					"$(inherited)",
					"@executable_path/Frameworks",
					"@loader_path/Frameworks",
				);
				PRODUCT_BUNDLE_IDENTIFIER = "com.suguru-takahashi.MVVM-SwiftUITests";
				PRODUCT_NAME = "$(TARGET_NAME)";
				SWIFT_VERSION = 5.0;
				TARGETED_DEVICE_FAMILY = "1,2";
				TEST_TARGET_NAME = "MVVM-Swift";
			};
			name = Release;
		};
/* End XCBuildConfiguration section */

/* Begin XCConfigurationList section */
		4490B0162594761700DA3A1A /* Build configuration list for PBXProject "MVVM-Swift" */ = {
			isa = XCConfigurationList;
			buildConfigurations = (
				4490B0432594761A00DA3A1A /* Debug */,
				4490B0442594761A00DA3A1A /* Release */,
			);
			defaultConfigurationIsVisible = 0;
			defaultConfigurationName = Release;
		};
		4490B0452594761A00DA3A1A /* Build configuration list for PBXNativeTarget "MVVM-Swift" */ = {
			isa = XCConfigurationList;
			buildConfigurations = (
				4490B0462594761A00DA3A1A /* Debug */,
				4490B0472594761A00DA3A1A /* Release */,
			);
			defaultConfigurationIsVisible = 0;
			defaultConfigurationName = Release;
		};
		4490B0482594761A00DA3A1A /* Build configuration list for PBXNativeTarget "MVVM-SwiftTests" */ = {
			isa = XCConfigurationList;
			buildConfigurations = (
				4490B0492594761A00DA3A1A /* Debug */,
				4490B04A2594761A00DA3A1A /* Release */,
			);
			defaultConfigurationIsVisible = 0;
			defaultConfigurationName = Release;
		};
		4490B04B2594761A00DA3A1A /* Build configuration list for PBXNativeTarget "MVVM-SwiftUITests" */ = {
			isa = XCConfigurationList;
			buildConfigurations = (
				4490B04C2594761A00DA3A1A /* Debug */,
				4490B04D2594761A00DA3A1A /* Release */,
			);
			defaultConfigurationIsVisible = 0;
			defaultConfigurationName = Release;
		};
/* End XCConfigurationList section */
	};
	rootObject = 4490B0132594761700DA3A1A /* Project object */;
}
